<?xml version="1.0" encoding="utf-8"?>
<Project ToolsVersion="4.0" xmlns="http://schemas.microsoft.com/developer/msbuild/2003">
  <ItemGroup>
    <Filter Include="Source Files">
      <UniqueIdentifier>{4FC737F1-C7A5-4376-A066-2A32D752A2FF}</UniqueIdentifier>
      <Extensions>cpp;c;cc;cxx;def;odl;idl;hpj;bat;asm;asmx</Extensions>
    </Filter>
    <Filter Include="Header Files">
      <UniqueIdentifier>{93995380-89BD-4b04-88EB-625FBE52EBFB}</UniqueIdentifier>
      <Extensions>h;hh;hpp;hxx;hm;inl;inc;xsd</Extensions>
    </Filter>
    <Filter Include="Resource Files">
      <UniqueIdentifier>{67DA6AB6-F800-4c08-8B7A-83BB121AAD01}</UniqueIdentifier>
      <Extensions>rc;ico;cur;bmp;dlg;rc2;rct;bin;rgs;gif;jpg;jpeg;jpe;resx;tiff;tif;png;wav;mfcribbon-ms</Extensions>
    </Filter>
    <Filter Include="MuLE header files">
      <UniqueIdentifier>{4033fa5a-7784-419d-b163-9d33de64dceb}</UniqueIdentifier>
    </Filter>
    <Filter Include="thirdpartlibs header files">
      <UniqueIdentifier>{0821dbe7-34eb-4ec9-a661-de1afe0232ba}</UniqueIdentifier>
    </Filter>
  </ItemGroup>
  <ItemGroup>
    <ClInclude Include="..\..\source\Decoder.hh">
      <Filter>Header Files</Filter>
    </ClInclude>
    <ClInclude Include="..\..\source\DecoderSetup.hh">
      <Filter>Header Files</Filter>
    </ClInclude>
    <ClInclude Include="..\..\source\Encoder.hh">
      <Filter>Header Files</Filter>
    </ClInclude>
    <ClInclude Include="..\..\source\exceptions.hh">
      <Filter>Header Files</Filter>
    </ClInclude>
    <ClInclude Include="..\..\source\fastols.hh">
      <Filter>Header Files</Filter>
    </ClInclude>
    <ClInclude Include="..\..\source\fileaux.hh">
      <Filter>Header Files</Filter>
    </ClInclude>
    <ClInclude Include="..\..\source\inpainting.hh">
      <Filter>Header Files</Filter>
    </ClInclude>
    <ClInclude Include="..\..\source\iolog.hh">
      <Filter>Header Files</Filter>
    </ClInclude>
    <ClInclude Include="..\..\source\IOManager.hh">
      <Filter>Header Files</Filter>
    </ClInclude>
    <ClInclude Include="..\..\source\Matrix2D.hh">
      <Filter>Header Files</Filter>
    </ClInclude>
    <ClInclude Include="..\..\source\medianfilter.hh">
      <Filter>Header Files</Filter>
    </ClInclude>
    <ClInclude Include="..\..\source\merging.hh">
      <Filter>Header Files</Filter>
    </ClInclude>
    <ClInclude Include="..\..\source\minconf.hh">
      <Filter>Header Files</Filter>
    </ClInclude>
    <ClInclude Include="..\..\source\MuLEDecoder.hh">
      <Filter>Header Files</Filter>
    </ClInclude>
    <ClInclude Include="..\..\source\MuLEDecoderWrapper.hh">
      <Filter>Header Files</Filter>
    </ClInclude>
    <ClInclude Include="..\..\source\MuLEEncoder.hh">
      <Filter>Header Files</Filter>
    </ClInclude>
    <ClInclude Include="..\..\source\MuLEncoderWrapper.hh">
      <Filter>Header Files</Filter>
    </ClInclude>
    <ClInclude Include="..\..\source\ppm.hh">
      <Filter>Header Files</Filter>
    </ClInclude>
    <ClInclude Include="..\..\source\predictdepth.hh">
      <Filter>Header Files</Filter>
    </ClInclude>
    <ClInclude Include="..\..\source\psnr.hh">
      <Filter>Header Files</Filter>
    </ClInclude>
    <ClInclude Include="..\..\source\residualjp2.hh">
      <Filter>Header Files</Filter>
    </ClInclude>
    <ClInclude Include="..\..\source\sparsefilter.hh">
      <Filter>Header Files</Filter>
    </ClInclude>
    <ClInclude Include="..\..\source\SparseToDenseLFSynthesizer.hh">
      <Filter>Header Files</Filter>
    </ClInclude>
    <ClInclude Include="..\..\source\Unshifter.hh">
      <Filter>Header Files</Filter>
    </ClInclude>
    <ClInclude Include="..\..\source\warping.hh">
      <Filter>Header Files</Filter>
    </ClInclude>
    <ClInclude Include="..\..\source\WaSPDecoder.hh">
      <Filter>Header Files</Filter>
    </ClInclude>
    <ClInclude Include="..\..\source\WaSPEncoder.hh">
      <Filter>Header Files</Filter>
    </ClInclude>
    <ClInclude Include="..\..\source\view.hh">
      <Filter>Header Files</Filter>
    </ClInclude>
    <ClInclude Include="..\..\source\ycbcr.hh">
      <Filter>Header Files</Filter>
    </ClInclude>
    <ClInclude Include="..\..\source\bitdepth.hh">
      <Filter>Header Files</Filter>
    </ClInclude>
    <ClInclude Include="..\..\source\clip.hh">
      <Filter>Header Files</Filter>
    </ClInclude>
    <ClInclude Include="..\..\source\CodecType.hh">
      <Filter>Header Files</Filter>
    </ClInclude>
    <ClInclude Include="..\..\source\CoderSetup.hh">
      <Filter>Header Files</Filter>
    </ClInclude>
    <ClInclude Include="..\..\source\codestream.hh">
      <Filter>Header Files</Filter>
    </ClInclude>
    <ClInclude Include="..\..\source\mule\MultiscaleTransform.h">
      <Filter>MuLE header files</Filter>
    </ClInclude>
    <ClInclude Include="..\..\source\mule\PartitionDecoder.h">
      <Filter>MuLE header files</Filter>
    </ClInclude>
    <ClInclude Include="..\..\source\mule\TransformPartition.h">
      <Filter>MuLE header files</Filter>
    </ClInclude>
    <ClInclude Include="..\..\source\mule\View.h">
      <Filter>MuLE header files</Filter>
    </ClInclude>
    <ClInclude Include="..\..\source\mule\Aritmetico.h">
      <Filter>MuLE header files</Filter>
    </ClInclude>
    <ClInclude Include="..\..\source\mule\Block4D.h">
      <Filter>MuLE header files</Filter>
    </ClInclude>
    <ClInclude Include="..\..\source\mule\Hierarchical4DDecoder.h">
      <Filter>MuLE header files</Filter>
    </ClInclude>
    <ClInclude Include="..\..\source\mule\Hierarchical4DEncoder.h">
      <Filter>MuLE header files</Filter>
    </ClInclude>
    <ClInclude Include="..\..\source\mule\LightField.h">
      <Filter>MuLE header files</Filter>
    </ClInclude>
    <ClInclude Include="..\..\source\mule\Matrix.h">
      <Filter>MuLE header files</Filter>
    </ClInclude>
    <ClInclude Include="..\..\source\thirdpartlibs\join.h">
      <Filter>thirdpartlibs header files</Filter>
    </ClInclude>
    <ClInclude Include="..\..\source\thirdpartlibs\json.hh">
      <Filter>thirdpartlibs header files</Filter>
    </ClInclude>
    <ClInclude Include="..\..\source\thirdpartlibs\split.h">
      <Filter>thirdpartlibs header files</Filter>
    </ClInclude>
    <ClInclude Include="..\..\source\thirdpartlibs\CLI11.hpp">
      <Filter>thirdpartlibs header files</Filter>
    </ClInclude>
  </ItemGroup>
  <ItemGroup>
    <ClCompile Include="..\..\source\Decoder.cpp">
      <Filter>Source Files</Filter>
    </ClCompile>
    <ClCompile Include="..\..\source\DecoderSetup.cpp">
      <Filter>Source Files</Filter>
    </ClCompile>
    <ClCompile Include="..\..\source\fastols.cpp">
      <Filter>Source Files</Filter>
    </ClCompile>
    <ClCompile Include="..\..\source\fileaux.cpp">
      <Filter>Source Files</Filter>
    </ClCompile>
    <ClCompile Include="..\..\source\iolog.cpp">
      <Filter>Source Files</Filter>
    </ClCompile>
    <ClCompile Include="..\..\source\IOManager.cpp">
      <Filter>Source Files</Filter>
    </ClCompile>
    <ClCompile Include="..\..\source\jpl-vm20-decoder.cpp">
      <Filter>Source Files</Filter>
    </ClCompile>
    <ClCompile Include="..\..\source\merging.cpp">
      <Filter>Source Files</Filter>
    </ClCompile>
    <ClCompile Include="..\..\source\minconf.cpp">
      <Filter>Source Files</Filter>
    </ClCompile>
    <ClCompile Include="..\..\source\MuLEDecoder.cpp">
      <Filter>Source Files</Filter>
    </ClCompile>
    <ClCompile Include="..\..\source\MuLEDecoderWrapper.cpp">
      <Filter>Source Files</Filter>
    </ClCompile>
    <ClCompile Include="..\..\source\ppm.cpp">
      <Filter>Source Files</Filter>
    </ClCompile>
    <ClCompile Include="..\..\source\predictdepth.cpp">
      <Filter>Source Files</Filter>
    </ClCompile>
    <ClCompile Include="..\..\source\psnr.cpp">
      <Filter>Source Files</Filter>
    </ClCompile>
    <ClCompile Include="..\..\source\residualjp2.cpp">
      <Filter>Source Files</Filter>
    </ClCompile>
    <ClCompile Include="..\..\source\sparsefilter.cpp">
      <Filter>Source Files</Filter>
    </ClCompile>
    <ClCompile Include="..\..\source\SparseToDenseLFSynthesizer.cpp">
      <Filter>Source Files</Filter>
    </ClCompile>
    <ClCompile Include="..\..\source\Unshifter.cpp">
      <Filter>Source Files</Filter>
    </ClCompile>
    <ClCompile Include="..\..\source\warping.cpp">
      <Filter>Source Files</Filter>
    </ClCompile>
    <ClCompile Include="..\..\source\WaSPDecoder.cpp">
      <Filter>Source Files</Filter>
    </ClCompile>
    <ClCompile Include="..\..\source\view.cpp">
      <Filter>Source Files</Filter>
    </ClCompile>
    <ClCompile Include="..\..\source\ycbcr.cpp">
      <Filter>Source Files</Filter>
    </ClCompile>
    <ClCompile Include="..\..\source\CodecType.cpp">
      <Filter>Source Files</Filter>
    </ClCompile>
    <ClCompile Include="..\..\source\codestream.cpp">
      <Filter>Source Files</Filter>
    </ClCompile>
  </ItemGroup>
</Project>