
Microsoft Visual Studio Solution File, Format Version 12.00
# Visual Studio 15
VisualStudioVersion = 15.0.27004.2006
MinimumVisualStudioVersion = 10.0.40219.1
Project("{8BC9CEB8-8B4A-11D0-8D11-00A0C91BC942}") = "WaSP-MuLE-4D-encoder", "WaSP-MuLE-4D-encoder\WaSP-MuLE-4D-encoder.vcxproj", "{3EB24586-E7DF-4B96-BF7E-3D2478F5CA08}"
EndProject
Project("{8BC9CEB8-8B4A-11D0-8D11-00A0C91BC942}") = "WaSP-MuLE-4D-decoder", "WaSP-MuLE-4D-decoder\WaSP-MuLE-4D-decoder.vcxproj", "{8D163363-1F4F-4A42-A9DD-995FED20E21C}"
EndProject
Global
	GlobalSection(SolutionConfigurationPlatforms) = preSolution
		Debug|x64 = Debug|x64
		Debug|x86 = Debug|x86
		Release|x64 = Release|x64
		Release|x86 = Release|x86
	EndGlobalSection
	GlobalSection(ProjectConfigurationPlatforms) = postSolution
		{3EB24586-E7DF-4B96-BF7E-3D2478F5CA08}.Debug|x64.ActiveCfg = Debug|x64
		{3EB24586-E7DF-4B96-BF7E-3D2478F5CA08}.Debug|x64.Build.0 = Debug|x64
		{3EB24586-E7DF-4B96-BF7E-3D2478F5CA08}.Debug|x86.ActiveCfg = Debug|Win32
		{3EB24586-E7DF-4B96-BF7E-3D2478F5CA08}.Debug|x86.Build.0 = Debug|Win32
		{3EB24586-E7DF-4B96-BF7E-3D2478F5CA08}.Release|x64.ActiveCfg = Release|x64
		{3EB24586-E7DF-4B96-BF7E-3D2478F5CA08}.Release|x64.Build.0 = Release|x64
		{3EB24586-E7DF-4B96-BF7E-3D2478F5CA08}.Release|x86.ActiveCfg = Release|Win32
		{3EB24586-E7DF-4B96-BF7E-3D2478F5CA08}.Release|x86.Build.0 = Release|Win32
		{8D163363-1F4F-4A42-A9DD-995FED20E21C}.Debug|x64.ActiveCfg = Debug|x64
		{8D163363-1F4F-4A42-A9DD-995FED20E21C}.Debug|x64.Build.0 = Debug|x64
		{8D163363-1F4F-4A42-A9DD-995FED20E21C}.Debug|x86.ActiveCfg = Debug|Win32
		{8D163363-1F4F-4A42-A9DD-995FED20E21C}.Debug|x86.Build.0 = Debug|Win32
		{8D163363-1F4F-4A42-A9DD-995FED20E21C}.Release|x64.ActiveCfg = Release|x64
		{8D163363-1F4F-4A42-A9DD-995FED20E21C}.Release|x64.Build.0 = Release|x64
		{8D163363-1F4F-4A42-A9DD-995FED20E21C}.Release|x86.ActiveCfg = Release|Win32
		{8D163363-1F4F-4A42-A9DD-995FED20E21C}.Release|x86.Build.0 = Release|Win32
	EndGlobalSection
	GlobalSection(SolutionProperties) = preSolution
		HideSolutionNode = FALSE
	EndGlobalSection
	GlobalSection(ExtensibilityGlobals) = postSolution
		SolutionGuid = {13B0A79D-8499-4E7F-A2AE-7F8CFEE62CDB}
	EndGlobalSection
EndGlobal
